
Microsoft Visual Studio Solution File, Format Version 12.00
# Visual Studio Version 16
VisualStudioVersion = 16.0.28803.156
MinimumVisualStudioVersion = 10.0.40219.1
Project("{F184B08F-C81C-45F6-A57F-5ABD9991F28F}") = "JRBurgess-Project-2", "JRBurgess-Project-2\JRBurgess-Project-2.vbproj", "{5E50BF26-D8BD-4BBE-9DFD-7EB84375410F}"
EndProject
Global
	GlobalSection(SolutionConfigurationPlatforms) = preSolution
		Debug|Any CPU = Debug|Any CPU
		Release|Any CPU = Release|Any CPU
	EndGlobalSection
	GlobalSection(ProjectConfigurationPlatforms) = postSolution
		{5E50BF26-D8BD-4BBE-9DFD-7EB84375410F}.Debug|Any CPU.ActiveCfg = Debug|Any CPU
		{5E50BF26-D8BD-4BBE-9DFD-7EB84375410F}.Debug|Any CPU.Build.0 = Debug|Any CPU
		{5E50BF26-D8BD-4BBE-9DFD-7EB84375410F}.Release|Any CPU.ActiveCfg = Release|Any CPU
		{5E50BF26-D8BD-4BBE-9DFD-7EB84375410F}.Release|Any CPU.Build.0 = Release|Any CPU
	EndGlobalSection
	GlobalSection(SolutionProperties) = preSolution
		HideSolutionNode = FALSE
	EndGlobalSection
	GlobalSection(ExtensibilityGlobals) = postSolution
		SolutionGuid = {910C93CD-B292-4CF2-B307-A73C87DD53B4}
	EndGlobalSection
EndGlobal
