
Microsoft Visual Studio Solution File, Format Version 12.00
# Visual Studio 15
VisualStudioVersion = 15.0.28307.329
MinimumVisualStudioVersion = 10.0.40219.1
Project("{F184B08F-C81C-45F6-A57F-5ABD9991F28F}") = "JRBurgess-BuildingPlansConversion", "JRBurgess-BuildingPlansConversion\JRBurgess-BuildingPlansConversion.vbproj", "{D4D6B14A-E2D8-4A5C-BE4C-194FA0797860}"
EndProject
Global
	GlobalSection(SolutionConfigurationPlatforms) = preSolution
		Debug|Any CPU = Debug|Any CPU
		Release|Any CPU = Release|Any CPU
	EndGlobalSection
	GlobalSection(ProjectConfigurationPlatforms) = postSolution
		{D4D6B14A-E2D8-4A5C-BE4C-194FA0797860}.Debug|Any CPU.ActiveCfg = Debug|Any CPU
		{D4D6B14A-E2D8-4A5C-BE4C-194FA0797860}.Debug|Any CPU.Build.0 = Debug|Any CPU
		{D4D6B14A-E2D8-4A5C-BE4C-194FA0797860}.Release|Any CPU.ActiveCfg = Release|Any CPU
		{D4D6B14A-E2D8-4A5C-BE4C-194FA0797860}.Release|Any CPU.Build.0 = Release|Any CPU
	EndGlobalSection
	GlobalSection(SolutionProperties) = preSolution
		HideSolutionNode = FALSE
	EndGlobalSection
	GlobalSection(ExtensibilityGlobals) = postSolution
		SolutionGuid = {6EFDB29D-5B29-4B86-84D0-A629ED727813}
	EndGlobalSection
EndGlobal
